
Microsoft Visual Studio Solution File, Format Version 12.00
# Visual Studio Version 17
VisualStudioVersion = 17.9.34728.123
MinimumVisualStudioVersion = 10.0.40219.1
Project("{FAE04EC0-301F-11D3-BF4B-00C04F79EFBC}") = "Ejercicio1", "Ejercicio1\Ejercicio1.csproj", "{F08274F0-9236-439A-923E-5E5B7536733F}"
EndProject
Global
	GlobalSection(SolutionConfigurationPlatforms) = preSolution
		Debug|Any CPU = Debug|Any CPU
		Release|Any CPU = Release|Any CPU
	EndGlobalSection
	GlobalSection(ProjectConfigurationPlatforms) = postSolution
		{F08274F0-9236-439A-923E-5E5B7536733F}.Debug|Any CPU.ActiveCfg = Debug|Any CPU
		{F08274F0-9236-439A-923E-5E5B7536733F}.Debug|Any CPU.Build.0 = Debug|Any CPU
		{F08274F0-9236-439A-923E-5E5B7536733F}.Release|Any CPU.ActiveCfg = Release|Any CPU
		{F08274F0-9236-439A-923E-5E5B7536733F}.Release|Any CPU.Build.0 = Release|Any CPU
	EndGlobalSection
	GlobalSection(SolutionProperties) = preSolution
		HideSolutionNode = FALSE
	EndGlobalSection
	GlobalSection(ExtensibilityGlobals) = postSolution
		SolutionGuid = {0593C189-ED3B-48E7-BF2D-69DB77AF8A70}
	EndGlobalSection
EndGlobal
