
Microsoft Visual Studio Solution File, Format Version 12.00
# Visual Studio Version 17
VisualStudioVersion = 17.9.34728.123
MinimumVisualStudioVersion = 10.0.40219.1
Project("{FAE04EC0-301F-11D3-BF4B-00C04F79EFBC}") = "MyApp1", "MyApp1\MyApp1.csproj", "{032CEFEB-43AB-445D-8456-8287B6F53E53}"
EndProject
Global
	GlobalSection(SolutionConfigurationPlatforms) = preSolution
		Debug|Any CPU = Debug|Any CPU
		Release|Any CPU = Release|Any CPU
	EndGlobalSection
	GlobalSection(ProjectConfigurationPlatforms) = postSolution
		{032CEFEB-43AB-445D-8456-8287B6F53E53}.Debug|Any CPU.ActiveCfg = Debug|Any CPU
		{032CEFEB-43AB-445D-8456-8287B6F53E53}.Debug|Any CPU.Build.0 = Debug|Any CPU
		{032CEFEB-43AB-445D-8456-8287B6F53E53}.Release|Any CPU.ActiveCfg = Release|Any CPU
		{032CEFEB-43AB-445D-8456-8287B6F53E53}.Release|Any CPU.Build.0 = Release|Any CPU
	EndGlobalSection
	GlobalSection(SolutionProperties) = preSolution
		HideSolutionNode = FALSE
	EndGlobalSection
	GlobalSection(ExtensibilityGlobals) = postSolution
		SolutionGuid = {39A68514-FD9A-4B6C-A81A-BF982C95FD3D}
	EndGlobalSection
EndGlobal
