
Microsoft Visual Studio Solution File, Format Version 12.00
# Visual Studio Version 17
VisualStudioVersion = 17.9.34728.123
MinimumVisualStudioVersion = 10.0.40219.1
Project("{FAE04EC0-301F-11D3-BF4B-00C04F79EFBC}") = "UseIf", "UseIf.csproj", "{D302EAF0-1BB0-48D1-89F2-0EDAE5D6175E}"
EndProject
Global
	GlobalSection(SolutionConfigurationPlatforms) = preSolution
		Debug|Any CPU = Debug|Any CPU
		Release|Any CPU = Release|Any CPU
	EndGlobalSection
	GlobalSection(ProjectConfigurationPlatforms) = postSolution
		{D302EAF0-1BB0-48D1-89F2-0EDAE5D6175E}.Debug|Any CPU.ActiveCfg = Debug|Any CPU
		{D302EAF0-1BB0-48D1-89F2-0EDAE5D6175E}.Debug|Any CPU.Build.0 = Debug|Any CPU
		{D302EAF0-1BB0-48D1-89F2-0EDAE5D6175E}.Release|Any CPU.ActiveCfg = Release|Any CPU
		{D302EAF0-1BB0-48D1-89F2-0EDAE5D6175E}.Release|Any CPU.Build.0 = Release|Any CPU
	EndGlobalSection
	GlobalSection(SolutionProperties) = preSolution
		HideSolutionNode = FALSE
	EndGlobalSection
	GlobalSection(ExtensibilityGlobals) = postSolution
		SolutionGuid = {9A773698-B563-4140-8CDE-36A7D0DD35D8}
	EndGlobalSection
EndGlobal
